
Microsoft Visual Studio Solution File, Format Version 12.00
# Visual Studio Version 16
VisualStudioVersion = 16.0.30011.22
MinimumVisualStudioVersion = 10.0.40219.1
Project("{FAE04EC0-301F-11D3-BF4B-00C04F79EFBC}") = "AccesDades", "AccesDades\AccesDades.csproj", "{D0E4E7CE-9B20-42A2-ADBF-A0B53A6C7543}"
EndProject
Global
	GlobalSection(SolutionConfigurationPlatforms) = preSolution
		Debug|Any CPU = Debug|Any CPU
		Release|Any CPU = Release|Any CPU
	EndGlobalSection
	GlobalSection(ProjectConfigurationPlatforms) = postSolution
		{D0E4E7CE-9B20-42A2-ADBF-A0B53A6C7543}.Debug|Any CPU.ActiveCfg = Debug|Any CPU
		{D0E4E7CE-9B20-42A2-ADBF-A0B53A6C7543}.Debug|Any CPU.Build.0 = Debug|Any CPU
		{D0E4E7CE-9B20-42A2-ADBF-A0B53A6C7543}.Release|Any CPU.ActiveCfg = Release|Any CPU
		{D0E4E7CE-9B20-42A2-ADBF-A0B53A6C7543}.Release|Any CPU.Build.0 = Release|Any CPU
	EndGlobalSection
	GlobalSection(SolutionProperties) = preSolution
		HideSolutionNode = FALSE
	EndGlobalSection
	GlobalSection(ExtensibilityGlobals) = postSolution
		SolutionGuid = {107820A7-A7BC-468E-8A3D-C5F85FDB0940}
	EndGlobalSection
EndGlobal
