
Microsoft Visual Studio Solution File, Format Version 12.00
# Visual Studio Version 16
VisualStudioVersion = 16.0.29911.84
MinimumVisualStudioVersion = 10.0.40219.1
Project("{FAE04EC0-301F-11D3-BF4B-00C04F79EFBC}") = "EDI", "EDI\EDI.csproj", "{188D6197-E790-4A65-B561-0389058E22BA}"
EndProject
Global
	GlobalSection(SolutionConfigurationPlatforms) = preSolution
		Debug|Any CPU = Debug|Any CPU
		Release|Any CPU = Release|Any CPU
	EndGlobalSection
	GlobalSection(ProjectConfigurationPlatforms) = postSolution
		{188D6197-E790-4A65-B561-0389058E22BA}.Debug|Any CPU.ActiveCfg = Debug|Any CPU
		{188D6197-E790-4A65-B561-0389058E22BA}.Debug|Any CPU.Build.0 = Debug|Any CPU
		{188D6197-E790-4A65-B561-0389058E22BA}.Release|Any CPU.ActiveCfg = Release|Any CPU
		{188D6197-E790-4A65-B561-0389058E22BA}.Release|Any CPU.Build.0 = Release|Any CPU
	EndGlobalSection
	GlobalSection(SolutionProperties) = preSolution
		HideSolutionNode = FALSE
	EndGlobalSection
	GlobalSection(ExtensibilityGlobals) = postSolution
		SolutionGuid = {695A6F5E-EF6E-46E4-8888-7F78103C58A4}
	EndGlobalSection
EndGlobal
