
Microsoft Visual Studio Solution File, Format Version 12.00
# Visual Studio 15
VisualStudioVersion = 15.0.28307.852
MinimumVisualStudioVersion = 10.0.40219.1
Project("{FAE04EC0-301F-11D3-BF4B-00C04F79EFBC}") = "Pujar", "Pujar\Pujar.csproj", "{40C0B87F-48A0-434B-A023-3B5FAA90991B}"
EndProject
Global
	GlobalSection(SolutionConfigurationPlatforms) = preSolution
		Debug|Any CPU = Debug|Any CPU
		Release|Any CPU = Release|Any CPU
	EndGlobalSection
	GlobalSection(ProjectConfigurationPlatforms) = postSolution
		{40C0B87F-48A0-434B-A023-3B5FAA90991B}.Debug|Any CPU.ActiveCfg = Debug|Any CPU
		{40C0B87F-48A0-434B-A023-3B5FAA90991B}.Debug|Any CPU.Build.0 = Debug|Any CPU
		{40C0B87F-48A0-434B-A023-3B5FAA90991B}.Release|Any CPU.ActiveCfg = Release|Any CPU
		{40C0B87F-48A0-434B-A023-3B5FAA90991B}.Release|Any CPU.Build.0 = Release|Any CPU
	EndGlobalSection
	GlobalSection(SolutionProperties) = preSolution
		HideSolutionNode = FALSE
	EndGlobalSection
	GlobalSection(ExtensibilityGlobals) = postSolution
		SolutionGuid = {DAAE59BF-8628-4BFC-9905-589240E4ADB1}
	EndGlobalSection
EndGlobal
